
Microsoft Visual Studio Solution File, Format Version 12.00
# Visual Studio Version 17
VisualStudioVersion = 17.0.31903.59
MinimumVisualStudioVersion = 10.0.40219.1
Project("{2150E333-8FDC-42A3-9474-1A3956D46DE8}") = "src", "src", "{827E0CD3-B72D-47B6-A68D-7590B98EB39B}"
EndProject
Project("{FAE04EC0-301F-11D3-BF4B-00C04F79EFBC}") = "Ows.Core", "src\Ows.Core\Ows.Core.csproj", "{BE22947A-EDE7-431C-AD05-A4B1F8FC4786}"
EndProject
Project("{FAE04EC0-301F-11D3-BF4B-00C04F79EFBC}") = "Ows.Cli", "src\Ows.Cli\Ows.Cli.csproj", "{79994F40-DB55-4117-AB2C-8264C1A9F3B2}"
EndProject
Project("{FAE04EC0-301F-11D3-BF4B-00C04F79EFBC}") = "Ows.Setup", "src\Ows.Setup\Ows.Setup.csproj", "{A8DBB30C-3D85-4FD2-9BA8-8E1F4B72A6F1}"
EndProject
Project("{FAE04EC0-301F-11D3-BF4B-00C04F79EFBC}") = "Ows.Verifier.Server", "src\Ows.Verifier.Server\Ows.Verifier.Server.csproj", "{C2E51D4C-18DB-49A4-B4BA-5FDF54C6EA40}"
EndProject
Project("{2150E333-8FDC-42A3-9474-1A3956D46DE8}") = "tests", "tests", "{0AB3BF05-4346-4AA6-1389-037BE0695223}"
EndProject
Project("{FAE04EC0-301F-11D3-BF4B-00C04F79EFBC}") = "Ows.Core.Tests", "tests\Ows.Core.Tests\Ows.Core.Tests.csproj", "{5FFD4BF5-47DD-4896-98B0-1110A51BADD5}"
EndProject
Project("{FAE04EC0-301F-11D3-BF4B-00C04F79EFBC}") = "Ows.Cli.Tests", "tests\Ows.Cli.Tests\Ows.Cli.Tests.csproj", "{E5E6814A-75AA-409B-BC01-A50D2B266B1B}"
EndProject
Global
	GlobalSection(SolutionConfigurationPlatforms) = preSolution
		Debug|Any CPU = Debug|Any CPU
		Debug|x64 = Debug|x64
		Debug|x86 = Debug|x86
		Release|Any CPU = Release|Any CPU
		Release|x64 = Release|x64
		Release|x86 = Release|x86
	EndGlobalSection
	GlobalSection(ProjectConfigurationPlatforms) = postSolution
		{BE22947A-EDE7-431C-AD05-A4B1F8FC4786}.Debug|Any CPU.ActiveCfg = Debug|Any CPU
		{BE22947A-EDE7-431C-AD05-A4B1F8FC4786}.Debug|Any CPU.Build.0 = Debug|Any CPU
		{BE22947A-EDE7-431C-AD05-A4B1F8FC4786}.Debug|x64.ActiveCfg = Debug|Any CPU
		{BE22947A-EDE7-431C-AD05-A4B1F8FC4786}.Debug|x64.Build.0 = Debug|Any CPU
		{BE22947A-EDE7-431C-AD05-A4B1F8FC4786}.Debug|x86.ActiveCfg = Debug|Any CPU
		{BE22947A-EDE7-431C-AD05-A4B1F8FC4786}.Debug|x86.Build.0 = Debug|Any CPU
		{BE22947A-EDE7-431C-AD05-A4B1F8FC4786}.Release|Any CPU.ActiveCfg = Release|Any CPU
		{BE22947A-EDE7-431C-AD05-A4B1F8FC4786}.Release|Any CPU.Build.0 = Release|Any CPU
		{BE22947A-EDE7-431C-AD05-A4B1F8FC4786}.Release|x64.ActiveCfg = Release|Any CPU
		{BE22947A-EDE7-431C-AD05-A4B1F8FC4786}.Release|x64.Build.0 = Release|Any CPU
		{BE22947A-EDE7-431C-AD05-A4B1F8FC4786}.Release|x86.ActiveCfg = Release|Any CPU
		{BE22947A-EDE7-431C-AD05-A4B1F8FC4786}.Release|x86.Build.0 = Release|Any CPU
		{79994F40-DB55-4117-AB2C-8264C1A9F3B2}.Debug|Any CPU.ActiveCfg = Debug|Any CPU
		{79994F40-DB55-4117-AB2C-8264C1A9F3B2}.Debug|Any CPU.Build.0 = Debug|Any CPU
		{79994F40-DB55-4117-AB2C-8264C1A9F3B2}.Debug|x64.ActiveCfg = Debug|Any CPU
		{79994F40-DB55-4117-AB2C-8264C1A9F3B2}.Debug|x64.Build.0 = Debug|Any CPU
		{79994F40-DB55-4117-AB2C-8264C1A9F3B2}.Debug|x86.ActiveCfg = Debug|Any CPU
		{79994F40-DB55-4117-AB2C-8264C1A9F3B2}.Debug|x86.Build.0 = Debug|Any CPU
		{79994F40-DB55-4117-AB2C-8264C1A9F3B2}.Release|Any CPU.ActiveCfg = Release|Any CPU
		{79994F40-DB55-4117-AB2C-8264C1A9F3B2}.Release|Any CPU.Build.0 = Release|Any CPU
		{79994F40-DB55-4117-AB2C-8264C1A9F3B2}.Release|x64.ActiveCfg = Release|Any CPU
		{79994F40-DB55-4117-AB2C-8264C1A9F3B2}.Release|x64.Build.0 = Release|Any CPU
		{79994F40-DB55-4117-AB2C-8264C1A9F3B2}.Release|x86.ActiveCfg = Release|Any CPU
		{79994F40-DB55-4117-AB2C-8264C1A9F3B2}.Release|x86.Build.0 = Release|Any CPU
		{A8DBB30C-3D85-4FD2-9BA8-8E1F4B72A6F1}.Debug|Any CPU.ActiveCfg = Debug|Any CPU
		{A8DBB30C-3D85-4FD2-9BA8-8E1F4B72A6F1}.Debug|Any CPU.Build.0 = Debug|Any CPU
		{A8DBB30C-3D85-4FD2-9BA8-8E1F4B72A6F1}.Debug|x64.ActiveCfg = Debug|Any CPU
		{A8DBB30C-3D85-4FD2-9BA8-8E1F4B72A6F1}.Debug|x64.Build.0 = Debug|Any CPU
		{A8DBB30C-3D85-4FD2-9BA8-8E1F4B72A6F1}.Debug|x86.ActiveCfg = Debug|Any CPU
		{A8DBB30C-3D85-4FD2-9BA8-8E1F4B72A6F1}.Debug|x86.Build.0 = Debug|Any CPU
		{A8DBB30C-3D85-4FD2-9BA8-8E1F4B72A6F1}.Release|Any CPU.ActiveCfg = Release|Any CPU
		{A8DBB30C-3D85-4FD2-9BA8-8E1F4B72A6F1}.Release|Any CPU.Build.0 = Release|Any CPU
		{A8DBB30C-3D85-4FD2-9BA8-8E1F4B72A6F1}.Release|x64.ActiveCfg = Release|Any CPU
		{A8DBB30C-3D85-4FD2-9BA8-8E1F4B72A6F1}.Release|x64.Build.0 = Release|Any CPU
		{A8DBB30C-3D85-4FD2-9BA8-8E1F4B72A6F1}.Release|x86.ActiveCfg = Release|Any CPU
		{A8DBB30C-3D85-4FD2-9BA8-8E1F4B72A6F1}.Release|x86.Build.0 = Release|Any CPU
		{C2E51D4C-18DB-49A4-B4BA-5FDF54C6EA40}.Debug|Any CPU.ActiveCfg = Debug|Any CPU
		{C2E51D4C-18DB-49A4-B4BA-5FDF54C6EA40}.Debug|Any CPU.Build.0 = Debug|Any CPU
		{C2E51D4C-18DB-49A4-B4BA-5FDF54C6EA40}.Debug|x64.ActiveCfg = Debug|Any CPU
		{C2E51D4C-18DB-49A4-B4BA-5FDF54C6EA40}.Debug|x64.Build.0 = Debug|Any CPU
		{C2E51D4C-18DB-49A4-B4BA-5FDF54C6EA40}.Debug|x86.ActiveCfg = Debug|Any CPU
		{C2E51D4C-18DB-49A4-B4BA-5FDF54C6EA40}.Debug|x86.Build.0 = Debug|Any CPU
		{C2E51D4C-18DB-49A4-B4BA-5FDF54C6EA40}.Release|Any CPU.ActiveCfg = Release|Any CPU
		{C2E51D4C-18DB-49A4-B4BA-5FDF54C6EA40}.Release|Any CPU.Build.0 = Release|Any CPU
		{C2E51D4C-18DB-49A4-B4BA-5FDF54C6EA40}.Release|x64.ActiveCfg = Release|Any CPU
		{C2E51D4C-18DB-49A4-B4BA-5FDF54C6EA40}.Release|x64.Build.0 = Release|Any CPU
		{C2E51D4C-18DB-49A4-B4BA-5FDF54C6EA40}.Release|x86.ActiveCfg = Release|Any CPU
		{C2E51D4C-18DB-49A4-B4BA-5FDF54C6EA40}.Release|x86.Build.0 = Release|Any CPU
		{5FFD4BF5-47DD-4896-98B0-1110A51BADD5}.Debug|Any CPU.ActiveCfg = Debug|Any CPU
		{5FFD4BF5-47DD-4896-98B0-1110A51BADD5}.Debug|Any CPU.Build.0 = Debug|Any CPU
		{5FFD4BF5-47DD-4896-98B0-1110A51BADD5}.Debug|x64.ActiveCfg = Debug|Any CPU
		{5FFD4BF5-47DD-4896-98B0-1110A51BADD5}.Debug|x64.Build.0 = Debug|Any CPU
		{5FFD4BF5-47DD-4896-98B0-1110A51BADD5}.Debug|x86.ActiveCfg = Debug|Any CPU
		{5FFD4BF5-47DD-4896-98B0-1110A51BADD5}.Debug|x86.Build.0 = Debug|Any CPU
		{5FFD4BF5-47DD-4896-98B0-1110A51BADD5}.Release|Any CPU.ActiveCfg = Release|Any CPU
		{5FFD4BF5-47DD-4896-98B0-1110A51BADD5}.Release|Any CPU.Build.0 = Release|Any CPU
		{5FFD4BF5-47DD-4896-98B0-1110A51BADD5}.Release|x64.ActiveCfg = Release|Any CPU
		{5FFD4BF5-47DD-4896-98B0-1110A51BADD5}.Release|x64.Build.0 = Release|Any CPU
		{5FFD4BF5-47DD-4896-98B0-1110A51BADD5}.Release|x86.ActiveCfg = Release|Any CPU
		{5FFD4BF5-47DD-4896-98B0-1110A51BADD5}.Release|x86.Build.0 = Release|Any CPU
		{E5E6814A-75AA-409B-BC01-A50D2B266B1B}.Debug|Any CPU.ActiveCfg = Debug|Any CPU
		{E5E6814A-75AA-409B-BC01-A50D2B266B1B}.Debug|Any CPU.Build.0 = Debug|Any CPU
		{E5E6814A-75AA-409B-BC01-A50D2B266B1B}.Debug|x64.ActiveCfg = Debug|Any CPU
		{E5E6814A-75AA-409B-BC01-A50D2B266B1B}.Debug|x64.Build.0 = Debug|Any CPU
		{E5E6814A-75AA-409B-BC01-A50D2B266B1B}.Debug|x86.ActiveCfg = Debug|Any CPU
		{E5E6814A-75AA-409B-BC01-A50D2B266B1B}.Debug|x86.Build.0 = Debug|Any CPU
		{E5E6814A-75AA-409B-BC01-A50D2B266B1B}.Release|Any CPU.ActiveCfg = Release|Any CPU
		{E5E6814A-75AA-409B-BC01-A50D2B266B1B}.Release|Any CPU.Build.0 = Release|Any CPU
		{E5E6814A-75AA-409B-BC01-A50D2B266B1B}.Release|x64.ActiveCfg = Release|Any CPU
		{E5E6814A-75AA-409B-BC01-A50D2B266B1B}.Release|x64.Build.0 = Release|Any CPU
		{E5E6814A-75AA-409B-BC01-A50D2B266B1B}.Release|x86.ActiveCfg = Release|Any CPU
		{E5E6814A-75AA-409B-BC01-A50D2B266B1B}.Release|x86.Build.0 = Release|Any CPU
	EndGlobalSection
	GlobalSection(SolutionProperties) = preSolution
		HideSolutionNode = FALSE
	EndGlobalSection
	GlobalSection(NestedProjects) = preSolution
		{BE22947A-EDE7-431C-AD05-A4B1F8FC4786} = {827E0CD3-B72D-47B6-A68D-7590B98EB39B}
		{79994F40-DB55-4117-AB2C-8264C1A9F3B2} = {827E0CD3-B72D-47B6-A68D-7590B98EB39B}
		{A8DBB30C-3D85-4FD2-9BA8-8E1F4B72A6F1} = {827E0CD3-B72D-47B6-A68D-7590B98EB39B}
		{C2E51D4C-18DB-49A4-B4BA-5FDF54C6EA40} = {827E0CD3-B72D-47B6-A68D-7590B98EB39B}
		{5FFD4BF5-47DD-4896-98B0-1110A51BADD5} = {0AB3BF05-4346-4AA6-1389-037BE0695223}
		{E5E6814A-75AA-409B-BC01-A50D2B266B1B} = {0AB3BF05-4346-4AA6-1389-037BE0695223}
	EndGlobalSection
EndGlobal
